// !$*UTF8*$!
{
	archiveVersion = 1;
	classes = {
	};
	objectVersion = 55;
	objects = {

/* Begin PBXBuildFile section */
		C79744222898126B00223DC9 /* CupcakeCornerApp.swift in Sources */ = {isa = PBXBuildFile; fileRef = C79744212898126B00223DC9 /* CupcakeCornerApp.swift */; };
		C79744242898126B00223DC9 /* ContentView.swift in Sources */ = {isa = PBXBuildFile; fileRef = C79744232898126B00223DC9 /* ContentView.swift */; };
		C79744262898126C00223DC9 /* Assets.xcassets in Resources */ = {isa = PBXBuildFile; fileRef = C79744252898126C00223DC9 /* Assets.xcassets */; };
		C79744292898126C00223DC9 /* Preview Assets.xcassets in Resources */ = {isa = PBXBuildFile; fileRef = C79744282898126C00223DC9 /* Preview Assets.xcassets */; };
		C7974430289812F800223DC9 /* .gitignore in Resources */ = {isa = PBXBuildFile; fileRef = C797442F289812F800223DC9 /* .gitignore */; };
		C79744322898134700223DC9 /* README.md in Resources */ = {isa = PBXBuildFile; fileRef = C79744312898134700223DC9 /* README.md */; };
		C7974434289816E500223DC9 /* Order.swift in Sources */ = {isa = PBXBuildFile; fileRef = C7974433289816E500223DC9 /* Order.swift */; };
		C7974436289819FF00223DC9 /* AddressView.swift in Sources */ = {isa = PBXBuildFile; fileRef = C7974435289819FF00223DC9 /* AddressView.swift */; };
		C797443828982DCE00223DC9 /* CheckoutView.swift in Sources */ = {isa = PBXBuildFile; fileRef = C797443728982DCE00223DC9 /* CheckoutView.swift */; };
		C7F24224289B1E4C00B71E44 /* OrderWrapper.swift in Sources */ = {isa = PBXBuildFile; fileRef = C7F24223289B1E4C00B71E44 /* OrderWrapper.swift */; };
		C7F2422A289B247500B71E44 /* cupcake-corner4.png in Resources */ = {isa = PBXBuildFile; fileRef = C7F24226289B247500B71E44 /* cupcake-corner4.png */; };
		C7F2422B289B247500B71E44 /* cupcake-corner3.png in Resources */ = {isa = PBXBuildFile; fileRef = C7F24227289B247500B71E44 /* cupcake-corner3.png */; };
		C7F2422C289B247500B71E44 /* cupcake-corner2.png in Resources */ = {isa = PBXBuildFile; fileRef = C7F24228289B247500B71E44 /* cupcake-corner2.png */; };
		C7F2422D289B247500B71E44 /* cupcake-corner1.png in Resources */ = {isa = PBXBuildFile; fileRef = C7F24229289B247500B71E44 /* cupcake-corner1.png */; };
/* End PBXBuildFile section */

/* Begin PBXFileReference section */
		C797441E2898126B00223DC9 /* CupcakeCorner.app */ = {isa = PBXFileReference; explicitFileType = wrapper.application; includeInIndex = 0; path = CupcakeCorner.app; sourceTree = BUILT_PRODUCTS_DIR; };
		C79744212898126B00223DC9 /* CupcakeCornerApp.swift */ = {isa = PBXFileReference; lastKnownFileType = sourcecode.swift; path = CupcakeCornerApp.swift; sourceTree = "<group>"; };
		C79744232898126B00223DC9 /* ContentView.swift */ = {isa = PBXFileReference; lastKnownFileType = sourcecode.swift; path = ContentView.swift; sourceTree = "<group>"; };
		C79744252898126C00223DC9 /* Assets.xcassets */ = {isa = PBXFileReference; lastKnownFileType = folder.assetcatalog; path = Assets.xcassets; sourceTree = "<group>"; };
		C79744282898126C00223DC9 /* Preview Assets.xcassets */ = {isa = PBXFileReference; lastKnownFileType = folder.assetcatalog; path = "Preview Assets.xcassets"; sourceTree = "<group>"; };
		C797442F289812F800223DC9 /* .gitignore */ = {isa = PBXFileReference; fileEncoding = 4; lastKnownFileType = text; path = .gitignore; sourceTree = "<group>"; };
		C79744312898134700223DC9 /* README.md */ = {isa = PBXFileReference; fileEncoding = 4; lastKnownFileType = net.daringfireball.markdown; path = README.md; sourceTree = "<group>"; };
		C7974433289816E500223DC9 /* Order.swift */ = {isa = PBXFileReference; lastKnownFileType = sourcecode.swift; path = Order.swift; sourceTree = "<group>"; };
		C7974435289819FF00223DC9 /* AddressView.swift */ = {isa = PBXFileReference; lastKnownFileType = sourcecode.swift; path = AddressView.swift; sourceTree = "<group>"; };
		C797443728982DCE00223DC9 /* CheckoutView.swift */ = {isa = PBXFileReference; lastKnownFileType = sourcecode.swift; path = CheckoutView.swift; sourceTree = "<group>"; };
		C7F24223289B1E4C00B71E44 /* OrderWrapper.swift */ = {isa = PBXFileReference; lastKnownFileType = sourcecode.swift; path = OrderWrapper.swift; sourceTree = "<group>"; };
		C7F24226289B247500B71E44 /* cupcake-corner4.png */ = {isa = PBXFileReference; lastKnownFileType = image.png; path = "cupcake-corner4.png"; sourceTree = "<group>"; };
		C7F24227289B247500B71E44 /* cupcake-corner3.png */ = {isa = PBXFileReference; lastKnownFileType = image.png; path = "cupcake-corner3.png"; sourceTree = "<group>"; };
		C7F24228289B247500B71E44 /* cupcake-corner2.png */ = {isa = PBXFileReference; lastKnownFileType = image.png; path = "cupcake-corner2.png"; sourceTree = "<group>"; };
		C7F24229289B247500B71E44 /* cupcake-corner1.png */ = {isa = PBXFileReference; lastKnownFileType = image.png; path = "cupcake-corner1.png"; sourceTree = "<group>"; };
/* End PBXFileReference section */

/* Begin PBXFrameworksBuildPhase section */
		C797441B2898126B00223DC9 /* Frameworks */ = {
			isa = PBXFrameworksBuildPhase;
			buildActionMask = 2147483647;
			files = (
			);
			runOnlyForDeploymentPostprocessing = 0;
		};
/* End PBXFrameworksBuildPhase section */

/* Begin PBXGroup section */
		C79744152898126B00223DC9 = {
			isa = PBXGroup;
			children = (
				C797442F289812F800223DC9 /* .gitignore */,
				C79744312898134700223DC9 /* README.md */,
				C7F24225289B247500B71E44 /* screenshots */,
				C79744202898126B00223DC9 /* CupcakeCorner */,
				C797441F2898126B00223DC9 /* Products */,
			);
			sourceTree = "<group>";
		};
		C797441F2898126B00223DC9 /* Products */ = {
			isa = PBXGroup;
			children = (
				C797441E2898126B00223DC9 /* CupcakeCorner.app */,
			);
			name = Products;
			sourceTree = "<group>";
		};
		C79744202898126B00223DC9 /* CupcakeCorner */ = {
			isa = PBXGroup;
			children = (
				C79744212898126B00223DC9 /* CupcakeCornerApp.swift */,
				C79744232898126B00223DC9 /* ContentView.swift */,
				C7974433289816E500223DC9 /* Order.swift */,
				C7F24223289B1E4C00B71E44 /* OrderWrapper.swift */,
				C7974435289819FF00223DC9 /* AddressView.swift */,
				C797443728982DCE00223DC9 /* CheckoutView.swift */,
				C79744252898126C00223DC9 /* Assets.xcassets */,
				C79744272898126C00223DC9 /* Preview Content */,
			);
			path = CupcakeCorner;
			sourceTree = "<group>";
		};
		C79744272898126C00223DC9 /* Preview Content */ = {
			isa = PBXGroup;
			children = (
				C79744282898126C00223DC9 /* Preview Assets.xcassets */,
			);
			path = "Preview Content";
			sourceTree = "<group>";
		};
		C7F24225289B247500B71E44 /* screenshots */ = {
			isa = PBXGroup;
			children = (
				C7F24226289B247500B71E44 /* cupcake-corner4.png */,
				C7F24227289B247500B71E44 /* cupcake-corner3.png */,
				C7F24228289B247500B71E44 /* cupcake-corner2.png */,
				C7F24229289B247500B71E44 /* cupcake-corner1.png */,
			);
			path = screenshots;
			sourceTree = "<group>";
		};
/* End PBXGroup section */

/* Begin PBXNativeTarget section */
		C797441D2898126B00223DC9 /* CupcakeCorner */ = {
			isa = PBXNativeTarget;
			buildConfigurationList = C797442C2898126C00223DC9 /* Build configuration list for PBXNativeTarget "CupcakeCorner" */;
			buildPhases = (
				C797441A2898126B00223DC9 /* Sources */,
				C797441B2898126B00223DC9 /* Frameworks */,
				C797441C2898126B00223DC9 /* Resources */,
			);
			buildRules = (
			);
			dependencies = (
			);
			name = CupcakeCorner;
			productName = CupcakeCorner;
			productReference = C797441E2898126B00223DC9 /* CupcakeCorner.app */;
			productType = "com.apple.product-type.application";
		};
/* End PBXNativeTarget section */

/* Begin PBXProject section */
		C79744162898126B00223DC9 /* Project object */ = {
			isa = PBXProject;
			attributes = {
				BuildIndependentTargetsInParallel = 1;
				LastSwiftUpdateCheck = 1340;
				LastUpgradeCheck = 1340;
				TargetAttributes = {
					C797441D2898126B00223DC9 = {
						CreatedOnToolsVersion = 13.4.1;
					};
				};
			};
			buildConfigurationList = C79744192898126B00223DC9 /* Build configuration list for PBXProject "CupcakeCorner" */;
			compatibilityVersion = "Xcode 13.0";
			developmentRegion = en;
			hasScannedForEncodings = 0;
			knownRegions = (
				en,
				Base,
			);
			mainGroup = C79744152898126B00223DC9;
			productRefGroup = C797441F2898126B00223DC9 /* Products */;
			projectDirPath = "";
			projectRoot = "";
			targets = (
				C797441D2898126B00223DC9 /* CupcakeCorner */,
			);
		};
/* End PBXProject section */

/* Begin PBXResourcesBuildPhase section */
		C797441C2898126B00223DC9 /* Resources */ = {
			isa = PBXResourcesBuildPhase;
			buildActionMask = 2147483647;
			files = (
				C79744292898126C00223DC9 /* Preview Assets.xcassets in Resources */,
				C7F2422D289B247500B71E44 /* cupcake-corner1.png in Resources */,
				C7974430289812F800223DC9 /* .gitignore in Resources */,
				C79744322898134700223DC9 /* README.md in Resources */,
				C7F2422B289B247500B71E44 /* cupcake-corner3.png in Resources */,
				C79744262898126C00223DC9 /* Assets.xcassets in Resources */,
				C7F2422C289B247500B71E44 /* cupcake-corner2.png in Resources */,
				C7F2422A289B247500B71E44 /* cupcake-corner4.png in Resources */,
			);
			runOnlyForDeploymentPostprocessing = 0;
		};
/* End PBXResourcesBuildPhase section */

/* Begin PBXSourcesBuildPhase section */
		C797441A2898126B00223DC9 /* Sources */ = {
			isa = PBXSourcesBuildPhase;
			buildActionMask = 2147483647;
			files = (
				C7974434289816E500223DC9 /* Order.swift in Sources */,
				C7974436289819FF00223DC9 /* AddressView.swift in Sources */,
				C797443828982DCE00223DC9 /* CheckoutView.swift in Sources */,
				C79744242898126B00223DC9 /* ContentView.swift in Sources */,
				C7F24224289B1E4C00B71E44 /* OrderWrapper.swift in Sources */,
				C79744222898126B00223DC9 /* CupcakeCornerApp.swift in Sources */,
			);
			runOnlyForDeploymentPostprocessing = 0;
		};
/* End PBXSourcesBuildPhase section */

/* Begin XCBuildConfiguration section */
		C797442A2898126C00223DC9 /* Debug */ = {
			isa = XCBuildConfiguration;
			buildSettings = {
				ALWAYS_SEARCH_USER_PATHS = NO;
				CLANG_ANALYZER_NONNULL = YES;
				CLANG_ANALYZER_NUMBER_OBJECT_CONVERSION = YES_AGGRESSIVE;
				CLANG_CXX_LANGUAGE_STANDARD = "gnu++17";
				CLANG_ENABLE_MODULES = YES;
				CLANG_ENABLE_OBJC_ARC = YES;
				CLANG_ENABLE_OBJC_WEAK = YES;
				CLANG_WARN_BLOCK_CAPTURE_AUTORELEASING = YES;
				CLANG_WARN_BOOL_CONVERSION = YES;
				CLANG_WARN_COMMA = YES;
				CLANG_WARN_CONSTANT_CONVERSION = YES;
				CLANG_WARN_DEPRECATED_OBJC_IMPLEMENTATIONS = YES;
				CLANG_WARN_DIRECT_OBJC_ISA_USAGE = YES_ERROR;
				CLANG_WARN_DOCUMENTATION_COMMENTS = YES;
				CLANG_WARN_EMPTY_BODY = YES;
				CLANG_WARN_ENUM_CONVERSION = YES;
				CLANG_WARN_INFINITE_RECURSION = YES;
				CLANG_WARN_INT_CONVERSION = YES;
				CLANG_WARN_NON_LITERAL_NULL_CONVERSION = YES;
				CLANG_WARN_OBJC_IMPLICIT_RETAIN_SELF = YES;
				CLANG_WARN_OBJC_LITERAL_CONVERSION = YES;
				CLANG_WARN_OBJC_ROOT_CLASS = YES_ERROR;
				CLANG_WARN_QUOTED_INCLUDE_IN_FRAMEWORK_HEADER = YES;
				CLANG_WARN_RANGE_LOOP_ANALYSIS = YES;
				CLANG_WARN_STRICT_PROTOTYPES = YES;
				CLANG_WARN_SUSPICIOUS_MOVE = YES;
				CLANG_WARN_UNGUARDED_AVAILABILITY = YES_AGGRESSIVE;
				CLANG_WARN_UNREACHABLE_CODE = YES;
				CLANG_WARN__DUPLICATE_METHOD_MATCH = YES;
				COPY_PHASE_STRIP = NO;
				DEBUG_INFORMATION_FORMAT = dwarf;
				ENABLE_STRICT_OBJC_MSGSEND = YES;
				ENABLE_TESTABILITY = YES;
				GCC_C_LANGUAGE_STANDARD = gnu11;
				GCC_DYNAMIC_NO_PIC = NO;
				GCC_NO_COMMON_BLOCKS = YES;
				GCC_OPTIMIZATION_LEVEL = 0;
				GCC_PREPROCESSOR_DEFINITIONS = (
					"DEBUG=1",
					"$(inherited)",
				);
				GCC_WARN_64_TO_32_BIT_CONVERSION = YES;
				GCC_WARN_ABOUT_RETURN_TYPE = YES_ERROR;
				GCC_WARN_UNDECLARED_SELECTOR = YES;
				GCC_WARN_UNINITIALIZED_AUTOS = YES_AGGRESSIVE;
				GCC_WARN_UNUSED_FUNCTION = YES;
				GCC_WARN_UNUSED_VARIABLE = YES;
				IPHONEOS_DEPLOYMENT_TARGET = 15.5;
				MTL_ENABLE_DEBUG_INFO = INCLUDE_SOURCE;
				MTL_FAST_MATH = YES;
				ONLY_ACTIVE_ARCH = YES;
				SDKROOT = iphoneos;
				SWIFT_ACTIVE_COMPILATION_CONDITIONS = DEBUG;
				SWIFT_OPTIMIZATION_LEVEL = "-Onone";
			};
			name = Debug;
		};
		C797442B2898126C00223DC9 /* Release */ = {
			isa = XCBuildConfiguration;
			buildSettings = {
				ALWAYS_SEARCH_USER_PATHS = NO;
				CLANG_ANALYZER_NONNULL = YES;
				CLANG_ANALYZER_NUMBER_OBJECT_CONVERSION = YES_AGGRESSIVE;
				CLANG_CXX_LANGUAGE_STANDARD = "gnu++17";
				CLANG_ENABLE_MODULES = YES;
				CLANG_ENABLE_OBJC_ARC = YES;
				CLANG_ENABLE_OBJC_WEAK = YES;
				CLANG_WARN_BLOCK_CAPTURE_AUTORELEASING = YES;
				CLANG_WARN_BOOL_CONVERSION = YES;
				CLANG_WARN_COMMA = YES;
				CLANG_WARN_CONSTANT_CONVERSION = YES;
				CLANG_WARN_DEPRECATED_OBJC_IMPLEMENTATIONS = YES;
				CLANG_WARN_DIRECT_OBJC_ISA_USAGE = YES_ERROR;
				CLANG_WARN_DOCUMENTATION_COMMENTS = YES;
				CLANG_WARN_EMPTY_BODY = YES;
				CLANG_WARN_ENUM_CONVERSION = YES;
				CLANG_WARN_INFINITE_RECURSION = YES;
				CLANG_WARN_INT_CONVERSION = YES;
				CLANG_WARN_NON_LITERAL_NULL_CONVERSION = YES;
				CLANG_WARN_OBJC_IMPLICIT_RETAIN_SELF = YES;
				CLANG_WARN_OBJC_LITERAL_CONVERSION = YES;
				CLANG_WARN_OBJC_ROOT_CLASS = YES_ERROR;
				CLANG_WARN_QUOTED_INCLUDE_IN_FRAMEWORK_HEADER = YES;
				CLANG_WARN_RANGE_LOOP_ANALYSIS = YES;
				CLANG_WARN_STRICT_PROTOTYPES = YES;
				CLANG_WARN_SUSPICIOUS_MOVE = YES;
				CLANG_WARN_UNGUARDED_AVAILABILITY = YES_AGGRESSIVE;
				CLANG_WARN_UNREACHABLE_CODE = YES;
				CLANG_WARN__DUPLICATE_METHOD_MATCH = YES;
				COPY_PHASE_STRIP = NO;
				DEBUG_INFORMATION_FORMAT = "dwarf-with-dsym";
				ENABLE_NS_ASSERTIONS = NO;
				ENABLE_STRICT_OBJC_MSGSEND = YES;
				GCC_C_LANGUAGE_STANDARD = gnu11;
				GCC_NO_COMMON_BLOCKS = YES;
				GCC_WARN_64_TO_32_BIT_CONVERSION = YES;
				GCC_WARN_ABOUT_RETURN_TYPE = YES_ERROR;
				GCC_WARN_UNDECLARED_SELECTOR = YES;
				GCC_WARN_UNINITIALIZED_AUTOS = YES_AGGRESSIVE;
				GCC_WARN_UNUSED_FUNCTION = YES;
				GCC_WARN_UNUSED_VARIABLE = YES;
				IPHONEOS_DEPLOYMENT_TARGET = 15.5;
				MTL_ENABLE_DEBUG_INFO = NO;
				MTL_FAST_MATH = YES;
				SDKROOT = iphoneos;
				SWIFT_COMPILATION_MODE = wholemodule;
				SWIFT_OPTIMIZATION_LEVEL = "-O";
				VALIDATE_PRODUCT = YES;
			};
			name = Release;
		};
		C797442D2898126C00223DC9 /* Debug */ = {
			isa = XCBuildConfiguration;
			buildSettings = {
				ASSETCATALOG_COMPILER_APPICON_NAME = AppIcon;
				ASSETCATALOG_COMPILER_GLOBAL_ACCENT_COLOR_NAME = AccentColor;
				CODE_SIGN_STYLE = Automatic;
				CURRENT_PROJECT_VERSION = 1;
				DEVELOPMENT_ASSET_PATHS = "\"CupcakeCorner/Preview Content\"";
				ENABLE_PREVIEWS = YES;
				GENERATE_INFOPLIST_FILE = YES;
				INFOPLIST_KEY_UIApplicationSceneManifest_Generation = YES;
				INFOPLIST_KEY_UIApplicationSupportsIndirectInputEvents = YES;
				INFOPLIST_KEY_UILaunchScreen_Generation = YES;
				INFOPLIST_KEY_UISupportedInterfaceOrientations_iPad = "UIInterfaceOrientationPortrait UIInterfaceOrientationPortraitUpsideDown UIInterfaceOrientationLandscapeLeft UIInterfaceOrientationLandscapeRight";
				INFOPLIST_KEY_UISupportedInterfaceOrientations_iPhone = "UIInterfaceOrientationPortrait UIInterfaceOrientationLandscapeLeft UIInterfaceOrientationLandscapeRight";
				LD_RUNPATH_SEARCH_PATHS = (
					"$(inherited)",
					"@executable_path/Frameworks",
				);
				MARKETING_VERSION = 1.0;
				PRODUCT_BUNDLE_IDENTIFIER = com.landoncayia.CupcakeCorner;
				PRODUCT_NAME = "$(TARGET_NAME)";
				SWIFT_EMIT_LOC_STRINGS = YES;
				SWIFT_VERSION = 5.0;
				TARGETED_DEVICE_FAMILY = "1,2";
			};
			name = Debug;
		};
		C797442E2898126C00223DC9 /* Release */ = {
			isa = XCBuildConfiguration;
			buildSettings = {
				ASSETCATALOG_COMPILER_APPICON_NAME = AppIcon;
				ASSETCATALOG_COMPILER_GLOBAL_ACCENT_COLOR_NAME = AccentColor;
				CODE_SIGN_STYLE = Automatic;
				CURRENT_PROJECT_VERSION = 1;
				DEVELOPMENT_ASSET_PATHS = "\"CupcakeCorner/Preview Content\"";
				ENABLE_PREVIEWS = YES;
				GENERATE_INFOPLIST_FILE = YES;
				INFOPLIST_KEY_UIApplicationSceneManifest_Generation = YES;
				INFOPLIST_KEY_UIApplicationSupportsIndirectInputEvents = YES;
				INFOPLIST_KEY_UILaunchScreen_Generation = YES;
				INFOPLIST_KEY_UISupportedInterfaceOrientations_iPad = "UIInterfaceOrientationPortrait UIInterfaceOrientationPortraitUpsideDown UIInterfaceOrientationLandscapeLeft UIInterfaceOrientationLandscapeRight";
				INFOPLIST_KEY_UISupportedInterfaceOrientations_iPhone = "UIInterfaceOrientationPortrait UIInterfaceOrientationLandscapeLeft UIInterfaceOrientationLandscapeRight";
				LD_RUNPATH_SEARCH_PATHS = (
					"$(inherited)",
					"@executable_path/Frameworks",
				);
				MARKETING_VERSION = 1.0;
				PRODUCT_BUNDLE_IDENTIFIER = com.landoncayia.CupcakeCorner;
				PRODUCT_NAME = "$(TARGET_NAME)";
				SWIFT_EMIT_LOC_STRINGS = YES;
				SWIFT_VERSION = 5.0;
				TARGETED_DEVICE_FAMILY = "1,2";
			};
			name = Release;
		};
/* End XCBuildConfiguration section */

/* Begin XCConfigurationList section */
		C79744192898126B00223DC9 /* Build configuration list for PBXProject "CupcakeCorner" */ = {
			isa = XCConfigurationList;
			buildConfigurations = (
				C797442A2898126C00223DC9 /* Debug */,
				C797442B2898126C00223DC9 /* Release */,
			);
			defaultConfigurationIsVisible = 0;
			defaultConfigurationName = Release;
		};
		C797442C2898126C00223DC9 /* Build configuration list for PBXNativeTarget "CupcakeCorner" */ = {
			isa = XCConfigurationList;
			buildConfigurations = (
				C797442D2898126C00223DC9 /* Debug */,
				C797442E2898126C00223DC9 /* Release */,
			);
			defaultConfigurationIsVisible = 0;
			defaultConfigurationName = Release;
		};
/* End XCConfigurationList section */
	};
	rootObject = C79744162898126B00223DC9 /* Project object */;
}
